---
ID: "4b6448b3-0aad-4301-9ba7-065365d6124c"
Parent: "4f3e8736-6527-48e6-92d6-39c2ff19ccf1"
Template: "cf57cc84-00e7-4988-9a6b-e6ee73318ab4"
Path: /sitecore/content/Hackathon/Global/Home/About us/Data/Image Block
BranchID: "d7529ce6-a5bc-47f0-9873-4b8d9436b274"
SharedFields:
- ID: "f6d8a61c-2f84-4401-bd24-52d2068172bc"
  Hint: __Originator
  Value: "{7D4BCFA4-0360-4B0D-9A70-0391B7C1D6AB}"
Languages:
- Language: en
  Versions:
  - Version: 1
    Fields:
    - ID: "0a7ff3d6-8c02-462d-a5a0-b034313b1212"
      Hint: Image
      Value: |
        <image mediaid="{617AB922-87E1-423E-BD99-AC8376058758}" />
    - ID: "25bed78c-4957-4165-998a-ca1b52f67497"
      Hint: __Created
      Value: 20210916T131024Z
    - ID: "52807595-0f8f-4b20-8d2a-cb71d28c6103"
      Hint: __Owner
      Value: |
        sitecore\Admin
    - ID: "5dd74568-4d4b-44c1-b513-0af5f4cda34f"
      Hint: __Created by
      Value: |
        sitecore\Admin
    - ID: "8cdc337e-a112-42fb-bbb4-4143751e123f"
      Hint: __Revision
      Value: "78f3d0b5-d61b-4bfb-98b9-382f0cb7790a"
    - ID: "badd9cf9-53e0-4d0c-bcc0-2d784c282f6a"
      Hint: __Updated by
      Value: |
        sitecore\Admin
    - ID: "d9cf14b1-fa16-4ba6-9288-e8a174d4d522"
      Hint: __Updated
      Value: 20210916T135233Z
